PODS:
  - YLBCommon (0.2.0)
  - YLBProUI (0.1.0):
    - YLBCommon

DEPENDENCIES:
  - YLBProUI (from `../`)

SPEC REPOS:
  https://mirrors.tuna.tsinghua.edu.cn/git/CocoaPods/Specs.git:
    - YLBCommon

EXTERNAL SOURCES:
  YLBProUI:
    :path: "../"

SPEC CHECKSUMS:
  YLBCommon: 8f833201a3f144e14e8d30104df677e925ba414c
  YLBProUI: f1c059b8d3151e8a6a5bdf0fba329d2e3e5bb020

PODFILE CHECKSUM: d1cdcfb9d1259e1045f346e93ca4c216335bf3da

COCOAPODS: 1.8.4
